
Microsoft Visual Studio Solution File, Format Version 12.00
# Visual Studio 15
VisualStudioVersion = 15.0.28307.271
MinimumVisualStudioVersion = 10.0.40219.1
Project("{8BC9CEB8-8B4A-11D0-8D11-00A0C91BC942}") = "2001. Mathematicians and Berries", "2001. Mathematicians and Berries\2001. Mathematicians and Berries.vcxproj", "{9EA578EC-B3F6-45A4-A72C-0B6891BF99BA}"
EndProject
Global
	GlobalSection(SolutionConfigurationPlatforms) = preSolution
		Debug|x64 = Debug|x64
		Debug|x86 = Debug|x86
		Release|x64 = Release|x64
		Release|x86 = Release|x86
	EndGlobalSection
	GlobalSection(ProjectConfigurationPlatforms) = postSolution
		{9EA578EC-B3F6-45A4-A72C-0B6891BF99BA}.Debug|x64.ActiveCfg = Debug|x64
		{9EA578EC-B3F6-45A4-A72C-0B6891BF99BA}.Debug|x64.Build.0 = Debug|x64
		{9EA578EC-B3F6-45A4-A72C-0B6891BF99BA}.Debug|x86.ActiveCfg = Debug|Win32
		{9EA578EC-B3F6-45A4-A72C-0B6891BF99BA}.Debug|x86.Build.0 = Debug|Win32
		{9EA578EC-B3F6-45A4-A72C-0B6891BF99BA}.Release|x64.ActiveCfg = Release|x64
		{9EA578EC-B3F6-45A4-A72C-0B6891BF99BA}.Release|x64.Build.0 = Release|x64
		{9EA578EC-B3F6-45A4-A72C-0B6891BF99BA}.Release|x86.ActiveCfg = Release|Win32
		{9EA578EC-B3F6-45A4-A72C-0B6891BF99BA}.Release|x86.Build.0 = Release|Win32
	EndGlobalSection
	GlobalSection(SolutionProperties) = preSolution
		HideSolutionNode = FALSE
	EndGlobalSection
	GlobalSection(ExtensibilityGlobals) = postSolution
		SolutionGuid = {BE34CBCD-7304-4E94-BBE5-6D9DF078F563}
	EndGlobalSection
EndGlobal
