
Microsoft Visual Studio Solution File, Format Version 12.00
# Visual Studio 15
VisualStudioVersion = 15.0.28307.271
MinimumVisualStudioVersion = 10.0.40219.1
Project("{8BC9CEB8-8B4A-11D0-8D11-00A0C91BC942}") = "1209. 1, 10, 100, 1000", "1209. 1, 10, 100, 1000\1209. 1, 10, 100, 1000.vcxproj", "{56A1703F-D9EA-42B9-9906-6E432994EF76}"
EndProject
Global
	GlobalSection(SolutionConfigurationPlatforms) = preSolution
		Debug|x64 = Debug|x64
		Debug|x86 = Debug|x86
		Release|x64 = Release|x64
		Release|x86 = Release|x86
	EndGlobalSection
	GlobalSection(ProjectConfigurationPlatforms) = postSolution
		{56A1703F-D9EA-42B9-9906-6E432994EF76}.Debug|x64.ActiveCfg = Debug|x64
		{56A1703F-D9EA-42B9-9906-6E432994EF76}.Debug|x64.Build.0 = Debug|x64
		{56A1703F-D9EA-42B9-9906-6E432994EF76}.Debug|x86.ActiveCfg = Debug|Win32
		{56A1703F-D9EA-42B9-9906-6E432994EF76}.Debug|x86.Build.0 = Debug|Win32
		{56A1703F-D9EA-42B9-9906-6E432994EF76}.Release|x64.ActiveCfg = Release|x64
		{56A1703F-D9EA-42B9-9906-6E432994EF76}.Release|x64.Build.0 = Release|x64
		{56A1703F-D9EA-42B9-9906-6E432994EF76}.Release|x86.ActiveCfg = Release|Win32
		{56A1703F-D9EA-42B9-9906-6E432994EF76}.Release|x86.Build.0 = Release|Win32
	EndGlobalSection
	GlobalSection(SolutionProperties) = preSolution
		HideSolutionNode = FALSE
	EndGlobalSection
	GlobalSection(ExtensibilityGlobals) = postSolution
		SolutionGuid = {63606B8E-792F-4750-B6BA-E1AEFE25C95F}
	EndGlobalSection
EndGlobal
