
Microsoft Visual Studio Solution File, Format Version 12.00
# Visual Studio 15
VisualStudioVersion = 15.0.28307.271
MinimumVisualStudioVersion = 10.0.40219.1
Project("{8BC9CEB8-8B4A-11D0-8D11-00A0C91BC942}") = "1197. Lonesome Knight", "1197. Lonesome Knight\1197. Lonesome Knight.vcxproj", "{AB1AF1B1-6A45-44F6-BABD-20862710DC0A}"
EndProject
Global
	GlobalSection(SolutionConfigurationPlatforms) = preSolution
		Debug|x64 = Debug|x64
		Debug|x86 = Debug|x86
		Release|x64 = Release|x64
		Release|x86 = Release|x86
	EndGlobalSection
	GlobalSection(ProjectConfigurationPlatforms) = postSolution
		{AB1AF1B1-6A45-44F6-BABD-20862710DC0A}.Debug|x64.ActiveCfg = Debug|x64
		{AB1AF1B1-6A45-44F6-BABD-20862710DC0A}.Debug|x64.Build.0 = Debug|x64
		{AB1AF1B1-6A45-44F6-BABD-20862710DC0A}.Debug|x86.ActiveCfg = Debug|Win32
		{AB1AF1B1-6A45-44F6-BABD-20862710DC0A}.Debug|x86.Build.0 = Debug|Win32
		{AB1AF1B1-6A45-44F6-BABD-20862710DC0A}.Release|x64.ActiveCfg = Release|x64
		{AB1AF1B1-6A45-44F6-BABD-20862710DC0A}.Release|x64.Build.0 = Release|x64
		{AB1AF1B1-6A45-44F6-BABD-20862710DC0A}.Release|x86.ActiveCfg = Release|Win32
		{AB1AF1B1-6A45-44F6-BABD-20862710DC0A}.Release|x86.Build.0 = Release|Win32
	EndGlobalSection
	GlobalSection(SolutionProperties) = preSolution
		HideSolutionNode = FALSE
	EndGlobalSection
	GlobalSection(ExtensibilityGlobals) = postSolution
		SolutionGuid = {3CF8CF41-25E2-4F44-96B8-D269961EC62A}
	EndGlobalSection
EndGlobal
